
Microsoft Visual Studio Solution File, Format Version 12.00
# Visual Studio Version 16
VisualStudioVersion = 16.0.32510.428
MinimumVisualStudioVersion = 10.0.40219.1
Project("{FAE04EC0-301F-11D3-BF4B-00C04F79EFBC}") = "CAPAS_1", "CAPAS_1\CAPAS_1.csproj", "{A3F47A7F-D8B5-4003-AE9E-CD2B8A111A98}"
EndProject
Project("{FAE04EC0-301F-11D3-BF4B-00C04F79EFBC}") = "Emtity", "Emtity\Emtity.csproj", "{17498B92-55D5-4E74-86ED-22512664D6E9}"
EndProject
Project("{FAE04EC0-301F-11D3-BF4B-00C04F79EFBC}") = "WAPP_Client", "WAPP_Client\WAPP_Client.csproj", "{C2E5E1B5-0228-434C-861C-D451A7AC637C}"
EndProject
Global
	GlobalSection(SolutionConfigurationPlatforms) = preSolution
		Debug|Any CPU = Debug|Any CPU
		Release|Any CPU = Release|Any CPU
	EndGlobalSection
	GlobalSection(ProjectConfigurationPlatforms) = postSolution
		{A3F47A7F-D8B5-4003-AE9E-CD2B8A111A98}.Debug|Any CPU.ActiveCfg = Debug|Any CPU
		{A3F47A7F-D8B5-4003-AE9E-CD2B8A111A98}.Debug|Any CPU.Build.0 = Debug|Any CPU
		{A3F47A7F-D8B5-4003-AE9E-CD2B8A111A98}.Release|Any CPU.ActiveCfg = Release|Any CPU
		{A3F47A7F-D8B5-4003-AE9E-CD2B8A111A98}.Release|Any CPU.Build.0 = Release|Any CPU
		{17498B92-55D5-4E74-86ED-22512664D6E9}.Debug|Any CPU.ActiveCfg = Debug|Any CPU
		{17498B92-55D5-4E74-86ED-22512664D6E9}.Debug|Any CPU.Build.0 = Debug|Any CPU
		{17498B92-55D5-4E74-86ED-22512664D6E9}.Release|Any CPU.ActiveCfg = Release|Any CPU
		{17498B92-55D5-4E74-86ED-22512664D6E9}.Release|Any CPU.Build.0 = Release|Any CPU
		{C2E5E1B5-0228-434C-861C-D451A7AC637C}.Debug|Any CPU.ActiveCfg = Debug|Any CPU
		{C2E5E1B5-0228-434C-861C-D451A7AC637C}.Debug|Any CPU.Build.0 = Debug|Any CPU
		{C2E5E1B5-0228-434C-861C-D451A7AC637C}.Release|Any CPU.ActiveCfg = Release|Any CPU
		{C2E5E1B5-0228-434C-861C-D451A7AC637C}.Release|Any CPU.Build.0 = Release|Any CPU
	EndGlobalSection
	GlobalSection(SolutionProperties) = preSolution
		HideSolutionNode = FALSE
	EndGlobalSection
	GlobalSection(ExtensibilityGlobals) = postSolution
		SolutionGuid = {4E78D283-A345-4AE2-8547-C2566C49208C}
	EndGlobalSection
EndGlobal
